
Microsoft Visual Studio Solution File, Format Version 12.00
# Visual Studio 2012
Project("{8BC9CEB8-8B4A-11D0-8D11-00A0C91BC942}") = "miniMoverUI", "miniMoverUI\miniMoverUI.vcxproj", "{4D3F714C-0BE5-4FCE-909B-0E6D7A6D7F87}"
	ProjectSection(ProjectDependencies) = postProject
		{A49661C7-6B3F-4106-B0B5-450D8022219B} = {A49661C7-6B3F-4106-B0B5-450D8022219B}
	EndProjectSection
EndProject
Project("{2150E333-8FDC-42A3-9474-1A3956D46DE8}") = "Documentation", "Documentation", "{36F1FD98-C9EC-44B2-B0C7-C5DE03F375CD}"
	ProjectSection(SolutionItems) = preProject
		.gitignore = .gitignore
		docs\CODE_OF_CONDUCT.md = docs\CODE_OF_CONDUCT.md
		docs\error codes.txt = docs\error codes.txt
		docs\firmware.txt = docs\firmware.txt
		docs\ISSUE_TEMPLATE.md = docs\ISSUE_TEMPLATE.md
		docs\LICENSE = docs\LICENSE
		docs\README.md = docs\README.md
		docs\socket.txt = docs\socket.txt
		docs\v1 notes.txt = docs\v1 notes.txt
		docs\v2 notes.txt = docs\v2 notes.txt
		docs\v2 wifi notes.txt = docs\v2 wifi notes.txt
		docs\v3 notes.txt = docs\v3 notes.txt
		docs\v3 scanner notes.txt = docs\v3 scanner notes.txt
		docs\v3 wifi notes.txt = docs\v3 wifi notes.txt
		docs\web download firmware.txt = docs\web download firmware.txt
	EndProjectSection
EndProject
Project("{8BC9CEB8-8B4A-11D0-8D11-00A0C91BC942}") = "miniMover", "miniMoverConsole\miniMover.vcxproj", "{E91D031F-5BF3-4567-A69E-F19413754505}"
	ProjectSection(ProjectDependencies) = postProject
		{A49661C7-6B3F-4106-B0B5-450D8022219B} = {A49661C7-6B3F-4106-B0B5-450D8022219B}
	EndProjectSection
EndProject
Project("{2150E333-8FDC-42A3-9474-1A3956D46DE8}") = "Linux", "Linux", "{B7BF3534-77D4-442A-82E7-3D10EF75DE50}"
	ProjectSection(SolutionItems) = preProject
		miniMoverConsole\makefile = miniMoverConsole\makefile
		miniMoverLib\serial_linux.cpp = miniMoverLib\serial_linux.cpp
		miniMoverLib\socket_linux.cpp = miniMoverLib\socket_linux.cpp
	EndProjectSection
EndProject
Project("{8BC9CEB8-8B4A-11D0-8D11-00A0C91BC942}") = "miniMoverLib", "miniMoverLib\miniMoverLib.vcxproj", "{A49661C7-6B3F-4106-B0B5-450D8022219B}"
EndProject
Global
	GlobalSection(SolutionConfigurationPlatforms) = preSolution
		Debug|Win32 = Debug|Win32
		Release|Win32 = Release|Win32
	EndGlobalSection
	GlobalSection(ProjectConfigurationPlatforms) = postSolution
		{4D3F714C-0BE5-4FCE-909B-0E6D7A6D7F87}.Debug|Win32.ActiveCfg = Debug|Win32
		{4D3F714C-0BE5-4FCE-909B-0E6D7A6D7F87}.Debug|Win32.Build.0 = Debug|Win32
		{4D3F714C-0BE5-4FCE-909B-0E6D7A6D7F87}.Release|Win32.ActiveCfg = Release|Win32
		{4D3F714C-0BE5-4FCE-909B-0E6D7A6D7F87}.Release|Win32.Build.0 = Release|Win32
		{E91D031F-5BF3-4567-A69E-F19413754505}.Debug|Win32.ActiveCfg = Debug|Win32
		{E91D031F-5BF3-4567-A69E-F19413754505}.Debug|Win32.Build.0 = Debug|Win32
		{E91D031F-5BF3-4567-A69E-F19413754505}.Release|Win32.ActiveCfg = Release|Win32
		{E91D031F-5BF3-4567-A69E-F19413754505}.Release|Win32.Build.0 = Release|Win32
		{A49661C7-6B3F-4106-B0B5-450D8022219B}.Debug|Win32.ActiveCfg = Debug|Win32
		{A49661C7-6B3F-4106-B0B5-450D8022219B}.Debug|Win32.Build.0 = Debug|Win32
		{A49661C7-6B3F-4106-B0B5-450D8022219B}.Release|Win32.ActiveCfg = Release|Win32
		{A49661C7-6B3F-4106-B0B5-450D8022219B}.Release|Win32.Build.0 = Release|Win32
	EndGlobalSection
	GlobalSection(SolutionProperties) = preSolution
		HideSolutionNode = FALSE
	EndGlobalSection
EndGlobal
